// !$*UTF8*$!
{
	archiveVersion = 1;
	classes = {
	};
	objectVersion = 46;
	objects = {

/* Begin PBXBuildFile section */
		7621176A1D789C6F00618282 /* AppDelegate.swift in Sources */ = {isa = PBXBuildFile; fileRef = 762117691D789C6F00618282 /* AppDelegate.swift */; };
		7621176C1D789C6F00618282 /* ViewController.swift in Sources */ = {isa = PBXBuildFile; fileRef = 7621176B1D789C6F00618282 /* ViewController.swift */; };
		7621176F1D789C6F00618282 /* Main.storyboard in Resources */ = {isa = PBXBuildFile; fileRef = 7621176D1D789C6F00618282 /* Main.storyboard */; };
		762117711D789C6F00618282 /* Assets.xcassets in Resources */ = {isa = PBXBuildFile; fileRef = 762117701D789C6F00618282 /* Assets.xcassets */; };
		762117741D789C6F00618282 /* LaunchScreen.storyboard in Resources */ = {isa = PBXBuildFile; fileRef = 762117721D789C6F00618282 /* LaunchScreen.storyboard */; };
/* End PBXBuildFile section */

/* Begin PBXFileReference section */
		762117661D789C6F00618282 /* ClickTest.app */ = {isa = PBXFileReference; explicitFileType = wrapper.application; includeInIndex = 0; path = ClickTest.app; sourceTree = BUILT_PRODUCTS_DIR; };
		762117691D789C6F00618282 /* AppDelegate.swift */ = {isa = PBXFileReference; lastKnownFileType = sourcecode.swift; path = AppDelegate.swift; sourceTree = "<group>"; };
		7621176B1D789C6F00618282 /* ViewController.swift */ = {isa = PBXFileReference; lastKnownFileType = sourcecode.swift; path = ViewController.swift; sourceTree = "<group>"; };
		7621176E1D789C6F00618282 /* Base */ = {isa = PBXFileReference; lastKnownFileType = file.storyboard; name = Base; path = Base.lproj/Main.storyboard; sourceTree = "<group>"; };
		762117701D789C6F00618282 /* Assets.xcassets */ = {isa = PBXFileReference; lastKnownFileType = folder.assetcatalog; path = Assets.xcassets; sourceTree = "<group>"; };
		762117731D789C6F00618282 /* Base */ = {isa = PBXFileReference; lastKnownFileType = file.storyboard; name = Base; path = Base.lproj/LaunchScreen.storyboard; sourceTree = "<group>"; };
		762117751D789C6F00618282 /* Info.plist */ = {isa = PBXFileReference; lastKnownFileType = text.plist.xml; path = Info.plist; sourceTree = "<group>"; };
/* End PBXFileReference section */

/* Begin PBXFrameworksBuildPhase section */
		762117631D789C6F00618282 /* Frameworks */ = {
			isa = PBXFrameworksBuildPhase;
			buildActionMask = 2147483647;
			files = (
			);
			runOnlyForDeploymentPostprocessing = 0;
		};
/* End PBXFrameworksBuildPhase section */

/* Begin PBXGroup section */
		7621175D1D789C6F00618282 = {
			isa = PBXGroup;
			children = (
				762117681D789C6F00618282 /* ClickTest */,
				762117671D789C6F00618282 /* Products */,
			);
			sourceTree = "<group>";
		};
		762117671D789C6F00618282 /* Products */ = {
			isa = PBXGroup;
			children = (
				762117661D789C6F00618282 /* ClickTest.app */,
			);
			name = Products;
			sourceTree = "<group>";
		};
		762117681D789C6F00618282 /* ClickTest */ = {
			isa = PBXGroup;
			children = (
				762117691D789C6F00618282 /* AppDelegate.swift */,
				7621176B1D789C6F00618282 /* ViewController.swift */,
				7621176D1D789C6F00618282 /* Main.storyboard */,
				762117701D789C6F00618282 /* Assets.xcassets */,
				762117721D789C6F00618282 /* LaunchScreen.storyboard */,
				762117751D789C6F00618282 /* Info.plist */,
			);
			path = ClickTest;
			sourceTree = "<group>";
		};
/* End PBXGroup section */

/* Begin PBXNativeTarget section */
		762117651D789C6F00618282 /* ClickTest */ = {
			isa = PBXNativeTarget;
			buildConfigurationList = 762117781D789C6F00618282 /* Build configuration list for PBXNativeTarget "ClickTest" */;
			buildPhases = (
				762117621D789C6F00618282 /* Sources */,
				762117631D789C6F00618282 /* Frameworks */,
				762117641D789C6F00618282 /* Resources */,
			);
			buildRules = (
			);
			dependencies = (
			);
			name = ClickTest;
			productName = ClickTest;
			productReference = 762117661D789C6F00618282 /* ClickTest.app */;
			productType = "com.apple.product-type.application";
		};
/* End PBXNativeTarget section */

/* Begin PBXProject section */
		7621175E1D789C6F00618282 /* Project object */ = {
			isa = PBXProject;
			attributes = {
				LastSwiftUpdateCheck = 0730;
				LastUpgradeCheck = 0730;
				ORGANIZATIONNAME = "Jhon Villalobos";
				TargetAttributes = {
					762117651D789C6F00618282 = {
						CreatedOnToolsVersion = 7.3.1;
					};
				};
			};
			buildConfigurationList = 762117611D789C6F00618282 /* Build configuration list for PBXProject "ClickTest" */;
			compatibilityVersion = "Xcode 3.2";
			developmentRegion = English;
			hasScannedForEncodings = 0;
			knownRegions = (
				en,
				Base,
			);
			mainGroup = 7621175D1D789C6F00618282;
			productRefGroup = 762117671D789C6F00618282 /* Products */;
			projectDirPath = "";
			projectRoot = "";
			targets = (
				762117651D789C6F00618282 /* ClickTest */,
			);
		};
/* End PBXProject section */

/* Begin PBXResourcesBuildPhase section */
		762117641D789C6F00618282 /* Resources */ = {
			isa = PBXResourcesBuildPhase;
			buildActionMask = 2147483647;
			files = (
				762117741D789C6F00618282 /* LaunchScreen.storyboard in Resources */,
				762117711D789C6F00618282 /* Assets.xcassets in Resources */,
				7621176F1D789C6F00618282 /* Main.storyboard in Resources */,
			);
			runOnlyForDeploymentPostprocessing = 0;
		};
/* End PBXResourcesBuildPhase section */

/* Begin PBXSourcesBuildPhase section */
		762117621D789C6F00618282 /* Sources */ = {
			isa = PBXSourcesBuildPhase;
			buildActionMask = 2147483647;
			files = (
				7621176C1D789C6F00618282 /* ViewController.swift in Sources */,
				7621176A1D789C6F00618282 /* AppDelegate.swift in Sources */,
			);
			runOnlyForDeploymentPostprocessing = 0;
		};
/* End PBXSourcesBuildPhase section */

/* Begin PBXVariantGroup section */
		7621176D1D789C6F00618282 /* Main.storyboard */ = {
			isa = PBXVariantGroup;
			children = (
				7621176E1D789C6F00618282 /* Base */,
			);
			name = Main.storyboard;
			sourceTree = "<group>";
		};
		762117721D789C6F00618282 /* LaunchScreen.storyboard */ = {
			isa = PBXVariantGroup;
			children = (
				762117731D789C6F00618282 /* Base */,
			);
			name = LaunchScreen.storyboard;
			sourceTree = "<group>";
		};
/* End PBXVariantGroup section */

/* Begin XCBuildConfiguration section */
		762117761D789C6F00618282 /* Debug */ = {
			isa = XCBuildConfiguration;
			buildSettings = {
				ALWAYS_SEARCH_USER_PATHS = NO;
				CLANG_ANALYZER_NONNULL = YES;
				CLANG_CXX_LANGUAGE_STANDARD = "gnu++0x";
				CLANG_CXX_LIBRARY = "libc++";
				CLANG_ENABLE_MODULES = YES;
				CLANG_ENABLE_OBJC_ARC = YES;
				CLANG_WARN_BOOL_CONVERSION = YES;
				CLANG_WARN_CONSTANT_CONVERSION = YES;
				CLANG_WARN_DIRECT_OBJC_ISA_USAGE = YES_ERROR;
				CLANG_WARN_EMPTY_BODY = YES;
				CLANG_WARN_ENUM_CONVERSION = YES;
				CLANG_WARN_INT_CONVERSION = YES;
				CLANG_WARN_OBJC_ROOT_CLASS = YES_ERROR;
				CLANG_WARN_UNREACHABLE_CODE = YES;
				CLANG_WARN__DUPLICATE_METHOD_MATCH = YES;
				"CODE_SIGN_IDENTITY[sdk=iphoneos*]" = "iPhone Developer";
				COPY_PHASE_STRIP = NO;
				DEBUG_INFORMATION_FORMAT = dwarf;
				ENABLE_STRICT_OBJC_MSGSEND = YES;
				ENABLE_TESTABILITY = YES;
				GCC_C_LANGUAGE_STANDARD = gnu99;
				GCC_DYNAMIC_NO_PIC = NO;
				GCC_NO_COMMON_BLOCKS = YES;
				GCC_OPTIMIZATION_LEVEL = 0;
				GCC_PREPROCESSOR_DEFINITIONS = (
					"DEBUG=1",
					"$(inherited)",
				);
				GCC_WARN_64_TO_32_BIT_CONVERSION = YES;
				GCC_WARN_ABOUT_RETURN_TYPE = YES_ERROR;
				GCC_WARN_UNDECLARED_SELECTOR = YES;
				GCC_WARN_UNINITIALIZED_AUTOS = YES_AGGRESSIVE;
				GCC_WARN_UNUSED_FUNCTION = YES;
				GCC_WARN_UNUSED_VARIABLE = YES;
				IPHONEOS_DEPLOYMENT_TARGET = 9.3;
				MTL_ENABLE_DEBUG_INFO = YES;
				ONLY_ACTIVE_ARCH = YES;
				SDKROOT = iphoneos;
				SWIFT_OPTIMIZATION_LEVEL = "-Onone";
				TARGETED_DEVICE_FAMILY = "1,2";
			};
			name = Debug;
		};
		762117771D789C6F00618282 /* Release */ = {
			isa = XCBuildConfiguration;
			buildSettings = {
				ALWAYS_SEARCH_USER_PATHS = NO;
				CLANG_ANALYZER_NONNULL = YES;
				CLANG_CXX_LANGUAGE_STANDARD = "gnu++0x";
				CLANG_CXX_LIBRARY = "libc++";
				CLANG_ENABLE_MODULES = YES;
				CLANG_ENABLE_OBJC_ARC = YES;
				CLANG_WARN_BOOL_CONVERSION = YES;
				CLANG_WARN_CONSTANT_CONVERSION = YES;
				CLANG_WARN_DIRECT_OBJC_ISA_USAGE = YES_ERROR;
				CLANG_WARN_EMPTY_BODY = YES;
				CLANG_WARN_ENUM_CONVERSION = YES;
				CLANG_WARN_INT_CONVERSION = YES;
				CLANG_WARN_OBJC_ROOT_CLASS = YES_ERROR;
				CLANG_WARN_UNREACHABLE_CODE = YES;
				CLANG_WARN__DUPLICATE_METHOD_MATCH = YES;
				"CODE_SIGN_IDENTITY[sdk=iphoneos*]" = "iPhone Developer";
				COPY_PHASE_STRIP = NO;
				DEBUG_INFORMATION_FORMAT = "dwarf-with-dsym";
				ENABLE_NS_ASSERTIONS = NO;
				ENABLE_STRICT_OBJC_MSGSEND = YES;
				GCC_C_LANGUAGE_STANDARD = gnu99;
				GCC_NO_COMMON_BLOCKS = YES;
				GCC_WARN_64_TO_32_BIT_CONVERSION = YES;
				GCC_WARN_ABOUT_RETURN_TYPE = YES_ERROR;
				GCC_WARN_UNDECLARED_SELECTOR = YES;
				GCC_WARN_UNINITIALIZED_AUTOS = YES_AGGRESSIVE;
				GCC_WARN_UNUSED_FUNCTION = YES;
				GCC_WARN_UNUSED_VARIABLE = YES;
				IPHONEOS_DEPLOYMENT_TARGET = 9.3;
				MTL_ENABLE_DEBUG_INFO = NO;
				SDKROOT = iphoneos;
				TARGETED_DEVICE_FAMILY = "1,2";
				VALIDATE_PRODUCT = YES;
			};
			name = Release;
		};
		762117791D789C6F00618282 /* Debug */ = {
			isa = XCBuildConfiguration;
			buildSettings = {
				ASSETCATALOG_COMPILER_APPICON_NAME = AppIcon;
				INFOPLIST_FILE = ClickTest/Info.plist;
				LD_RUNPATH_SEARCH_PATHS = "$(inherited) @executable_path/Frameworks";
				PRODUCT_BUNDLE_IDENTIFIER = com.jlvillalobos.ClickTest;
				PRODUCT_NAME = "$(TARGET_NAME)";
			};
			name = Debug;
		};
		7621177A1D789C6F00618282 /* Release */ = {
			isa = XCBuildConfiguration;
			buildSettings = {
				ASSETCATALOG_COMPILER_APPICON_NAME = AppIcon;
				INFOPLIST_FILE = ClickTest/Info.plist;
				LD_RUNPATH_SEARCH_PATHS = "$(inherited) @executable_path/Frameworks";
				PRODUCT_BUNDLE_IDENTIFIER = com.jlvillalobos.ClickTest;
				PRODUCT_NAME = "$(TARGET_NAME)";
			};
			name = Release;
		};
/* End XCBuildConfiguration section */

/* Begin XCConfigurationList section */
		762117611D789C6F00618282 /* Build configuration list for PBXProject "ClickTest" */ = {
			isa = XCConfigurationList;
			buildConfigurations = (
				762117761D789C6F00618282 /* Debug */,
				762117771D789C6F00618282 /* Release */,
			);
			defaultConfigurationIsVisible = 0;
			defaultConfigurationName = Release;
		};
		762117781D789C6F00618282 /* Build configuration list for PBXNativeTarget "ClickTest" */ = {
			isa = XCConfigurationList;
			buildConfigurations = (
				762117791D789C6F00618282 /* Debug */,
				7621177A1D789C6F00618282 /* Release */,
			);
			defaultConfigurationIsVisible = 0;
		};
/* End XCConfigurationList section */
	};
	rootObject = 7621175E1D789C6F00618282 /* Project object */;
}
